
Microsoft Visual Studio Solution File, Format Version 12.00
# Visual Studio 15
VisualStudioVersion = 15.0.26730.16
MinimumVisualStudioVersion = 10.0.40219.1
Project("{FAE04EC0-301F-11D3-BF4B-00C04F79EFBC}") = "ProjExWCF", "ProjExWCF\ProjExWCF.csproj", "{D277B587-3544-451C-8401-F0DED123F5A8}"
EndProject
Project("{FAE04EC0-301F-11D3-BF4B-00C04F79EFBC}") = "AcessoDados", "ClassLibrary1\AcessoDados.csproj", "{C0D071C9-8D51-4249-B688-45A9233D84C5}"
EndProject
Project("{FAE04EC0-301F-11D3-BF4B-00C04F79EFBC}") = "Entidade", "Entidade\Entidade.csproj", "{3DB99D8E-C2EB-4411-8848-FF62B1BDB6C6}"
EndProject
Project("{FAE04EC0-301F-11D3-BF4B-00C04F79EFBC}") = "Negocio", "Negocio\Negocio.csproj", "{9A5C13D2-100E-4A7B-96C4-4B8FFCA60A1E}"
EndProject
Project("{FAE04EC0-301F-11D3-BF4B-00C04F79EFBC}") = "ServicoHostWCF", "ServicoHostWCF\ServicoHostWCF.csproj", "{4F5FE4A8-D3AE-467C-9CEC-0493260D22C5}"
EndProject
Global
	GlobalSection(SolutionConfigurationPlatforms) = preSolution
		Debug|Any CPU = Debug|Any CPU
		Release|Any CPU = Release|Any CPU
	EndGlobalSection
	GlobalSection(ProjectConfigurationPlatforms) = postSolution
		{D277B587-3544-451C-8401-F0DED123F5A8}.Debug|Any CPU.ActiveCfg = Debug|Any CPU
		{D277B587-3544-451C-8401-F0DED123F5A8}.Debug|Any CPU.Build.0 = Debug|Any CPU
		{D277B587-3544-451C-8401-F0DED123F5A8}.Release|Any CPU.ActiveCfg = Release|Any CPU
		{D277B587-3544-451C-8401-F0DED123F5A8}.Release|Any CPU.Build.0 = Release|Any CPU
		{C0D071C9-8D51-4249-B688-45A9233D84C5}.Debug|Any CPU.ActiveCfg = Debug|Any CPU
		{C0D071C9-8D51-4249-B688-45A9233D84C5}.Debug|Any CPU.Build.0 = Debug|Any CPU
		{C0D071C9-8D51-4249-B688-45A9233D84C5}.Release|Any CPU.ActiveCfg = Release|Any CPU
		{C0D071C9-8D51-4249-B688-45A9233D84C5}.Release|Any CPU.Build.0 = Release|Any CPU
		{3DB99D8E-C2EB-4411-8848-FF62B1BDB6C6}.Debug|Any CPU.ActiveCfg = Debug|Any CPU
		{3DB99D8E-C2EB-4411-8848-FF62B1BDB6C6}.Debug|Any CPU.Build.0 = Debug|Any CPU
		{3DB99D8E-C2EB-4411-8848-FF62B1BDB6C6}.Release|Any CPU.ActiveCfg = Release|Any CPU
		{3DB99D8E-C2EB-4411-8848-FF62B1BDB6C6}.Release|Any CPU.Build.0 = Release|Any CPU
		{9A5C13D2-100E-4A7B-96C4-4B8FFCA60A1E}.Debug|Any CPU.ActiveCfg = Debug|Any CPU
		{9A5C13D2-100E-4A7B-96C4-4B8FFCA60A1E}.Debug|Any CPU.Build.0 = Debug|Any CPU
		{9A5C13D2-100E-4A7B-96C4-4B8FFCA60A1E}.Release|Any CPU.ActiveCfg = Release|Any CPU
		{9A5C13D2-100E-4A7B-96C4-4B8FFCA60A1E}.Release|Any CPU.Build.0 = Release|Any CPU
		{4F5FE4A8-D3AE-467C-9CEC-0493260D22C5}.Debug|Any CPU.ActiveCfg = Debug|Any CPU
		{4F5FE4A8-D3AE-467C-9CEC-0493260D22C5}.Debug|Any CPU.Build.0 = Debug|Any CPU
		{4F5FE4A8-D3AE-467C-9CEC-0493260D22C5}.Release|Any CPU.ActiveCfg = Release|Any CPU
		{4F5FE4A8-D3AE-467C-9CEC-0493260D22C5}.Release|Any CPU.Build.0 = Release|Any CPU
	EndGlobalSection
	GlobalSection(SolutionProperties) = preSolution
		HideSolutionNode = FALSE
	EndGlobalSection
	GlobalSection(ExtensibilityGlobals) = postSolution
		SolutionGuid = {E1DB5068-B1D4-4ECB-8448-EEDE217FE13C}
	EndGlobalSection
EndGlobal
